
Microsoft Visual Studio Solution File, Format Version 12.00
# Visual Studio Version 17
VisualStudioVersion = 17.11.35312.102
MinimumVisualStudioVersion = 10.0.40219.1
Project("{FAE04EC0-301F-11D3-BF4B-00C04F79EFBC}") = "SmartE-commercePlatforrm", "SmartE-commercePlatforrm\SmartE-commercePlatforrm.csproj", "{A046C666-2C72-4CBA-B013-D6E6038CFACD}"
EndProject
Project("{2150E333-8FDC-42A3-9474-1A3956D46DE8}") = "Domain", "Domain", "{97CD8E39-0BDF-4EC1-8357-872B03BC6587}"
EndProject
Project("{2150E333-8FDC-42A3-9474-1A3956D46DE8}") = "Application", "Application", "{D9A2188C-7964-45D9-9C20-A6A83E1C7433}"
EndProject
Project("{2150E333-8FDC-42A3-9474-1A3956D46DE8}") = "Infrastructure", "Infrastructure", "{E43BF94B-D73A-4F20-9CD4-C313FF649EE1}"
EndProject
Project("{2150E333-8FDC-42A3-9474-1A3956D46DE8}") = "WebAPI", "WebAPI", "{E15FD917-E7E4-4696-87AC-F87934D82910}"
EndProject
Project("{FAE04EC0-301F-11D3-BF4B-00C04F79EFBC}") = "Domain", "Domain\Domain.csproj", "{600C3EAA-62E9-4A23-8CC6-AAF47413A372}"
EndProject
Project("{FAE04EC0-301F-11D3-BF4B-00C04F79EFBC}") = "Application", "Application\Application.csproj", "{E3D322C6-0FD5-4853-900F-704ADB817405}"
EndProject
Project("{FAE04EC0-301F-11D3-BF4B-00C04F79EFBC}") = "Infrastructure", "Infrastructure\Infrastructure.csproj", "{37C60E2E-1DA3-441E-B5BA-9EE5FC8B619A}"
EndProject
Global
	GlobalSection(SolutionConfigurationPlatforms) = preSolution
		Debug|Any CPU = Debug|Any CPU
		Release|Any CPU = Release|Any CPU
	EndGlobalSection
	GlobalSection(ProjectConfigurationPlatforms) = postSolution
		{A046C666-2C72-4CBA-B013-D6E6038CFACD}.Debug|Any CPU.ActiveCfg = Debug|Any CPU
		{A046C666-2C72-4CBA-B013-D6E6038CFACD}.Debug|Any CPU.Build.0 = Debug|Any CPU
		{A046C666-2C72-4CBA-B013-D6E6038CFACD}.Release|Any CPU.ActiveCfg = Release|Any CPU
		{A046C666-2C72-4CBA-B013-D6E6038CFACD}.Release|Any CPU.Build.0 = Release|Any CPU
		{600C3EAA-62E9-4A23-8CC6-AAF47413A372}.Debug|Any CPU.ActiveCfg = Debug|Any CPU
		{600C3EAA-62E9-4A23-8CC6-AAF47413A372}.Debug|Any CPU.Build.0 = Debug|Any CPU
		{600C3EAA-62E9-4A23-8CC6-AAF47413A372}.Release|Any CPU.ActiveCfg = Release|Any CPU
		{600C3EAA-62E9-4A23-8CC6-AAF47413A372}.Release|Any CPU.Build.0 = Release|Any CPU
		{E3D322C6-0FD5-4853-900F-704ADB817405}.Debug|Any CPU.ActiveCfg = Debug|Any CPU
		{E3D322C6-0FD5-4853-900F-704ADB817405}.Debug|Any CPU.Build.0 = Debug|Any CPU
		{E3D322C6-0FD5-4853-900F-704ADB817405}.Release|Any CPU.ActiveCfg = Release|Any CPU
		{E3D322C6-0FD5-4853-900F-704ADB817405}.Release|Any CPU.Build.0 = Release|Any CPU
		{37C60E2E-1DA3-441E-B5BA-9EE5FC8B619A}.Debug|Any CPU.ActiveCfg = Debug|Any CPU
		{37C60E2E-1DA3-441E-B5BA-9EE5FC8B619A}.Debug|Any CPU.Build.0 = Debug|Any CPU
		{37C60E2E-1DA3-441E-B5BA-9EE5FC8B619A}.Release|Any CPU.ActiveCfg = Release|Any CPU
		{37C60E2E-1DA3-441E-B5BA-9EE5FC8B619A}.Release|Any CPU.Build.0 = Release|Any CPU
	EndGlobalSection
	GlobalSection(SolutionProperties) = preSolution
		HideSolutionNode = FALSE
	EndGlobalSection
	GlobalSection(NestedProjects) = preSolution
		{A046C666-2C72-4CBA-B013-D6E6038CFACD} = {E15FD917-E7E4-4696-87AC-F87934D82910}
		{600C3EAA-62E9-4A23-8CC6-AAF47413A372} = {97CD8E39-0BDF-4EC1-8357-872B03BC6587}
		{E3D322C6-0FD5-4853-900F-704ADB817405} = {D9A2188C-7964-45D9-9C20-A6A83E1C7433}
		{37C60E2E-1DA3-441E-B5BA-9EE5FC8B619A} = {E43BF94B-D73A-4F20-9CD4-C313FF649EE1}
	EndGlobalSection
	GlobalSection(ExtensibilityGlobals) = postSolution
		SolutionGuid = {0756BD54-A9A6-4C07-BDA4-C10F96EF7345}
	EndGlobalSection
EndGlobal
